{
  "name": "jdkmanager",
  "version": "0.0.1",
  "lockfileVersion": 3,
  "requires": true,
  "packages": {
    "": {
      "name": "jdkmanager",
      "version": "0.0.1",
      "dependencies": {
        "jdk-utils": "^0.5.1"
      },
      "devDependencies": {
        "@types/vscode": "^1.95.0"
      },
      "engines": {
        "vscode": "^1.95.0"
      }
    },
    "node_modules/@types/vscode": {
      "version": "1.96.0",
      "resolved": "https://registry.npmjs.org/@types/vscode/-/vscode-1.96.0.tgz",
      "integrity": "sha512-qvZbSZo+K4ZYmmDuaodMbAa67Pl6VDQzLKFka6rq+3WUTY4Kro7Bwoi0CuZLO/wema0ygcmpwow7zZfPJTs5jg==",
      "dev": true,
      "license": "MIT"
    },
    "node_modules/jdk-utils": {
      "version": "0.5.1",
      "resolved": "https://registry.npmjs.org/jdk-utils/-/jdk-utils-0.5.1.tgz",
      "integrity": "sha512-BEQZ4JOmnWvZtuda+CRaCj8WbcgUs4RPZ07ZaM5bei+iFtx8fWrF0NpXDe3zM1k4SQajjYQ9zFc1/PhYT1Z6Og==",
      "license": "MIT",
      "bin": {
        "jdk-utils": "bin/cli.js"
      }
    }
  }
}
